// !$*UTF8*$!
{
	archiveVersion = 1;
	classes = {
	};
	objectVersion = 50;
	objects = {

/* Begin PBXBuildFile section */
		E4E7A303944CA8EA74989884 /* Pods_DoomPrequel.framework in Frameworks */ = {isa = PBXBuildFile; fileRef = 4185C224BCC718926CD2F297 /* Pods_DoomPrequel.framework */; };
		E818D23222D6844900231262 /* Camera.swift in Sources */ = {isa = PBXBuildFile; fileRef = E818D23122D6844900231262 /* Camera.swift */; };
		E818D23522D684DA00231262 /* Rover.swift in Sources */ = {isa = PBXBuildFile; fileRef = E818D23422D684DA00231262 /* Rover.swift */; };
		E85934E422C3630300333824 /* AppDelegate.swift in Sources */ = {isa = PBXBuildFile; fileRef = E85934E322C3630300333824 /* AppDelegate.swift */; };
		E85934E622C3630300333824 /* ViewController.swift in Sources */ = {isa = PBXBuildFile; fileRef = E85934E522C3630300333824 /* ViewController.swift */; };
		E85934EB22C3630400333824 /* Assets.xcassets in Resources */ = {isa = PBXBuildFile; fileRef = E85934EA22C3630400333824 /* Assets.xcassets */; };
		E85934EE22C3630400333824 /* LaunchScreen.storyboard in Resources */ = {isa = PBXBuildFile; fileRef = E85934EC22C3630400333824 /* LaunchScreen.storyboard */; };
		E85934F922C3630400333824 /* DoomPrequelTests.swift in Sources */ = {isa = PBXBuildFile; fileRef = E85934F822C3630400333824 /* DoomPrequelTests.swift */; };
		E859350622C3686C00333824 /* NASAService.swift in Sources */ = {isa = PBXBuildFile; fileRef = E859350522C3686C00333824 /* NASAService.swift */; };
		E8843FFE22D7D69E00E5A5AE /* ApiClient.swift in Sources */ = {isa = PBXBuildFile; fileRef = E8843FFD22D7D69D00E5A5AE /* ApiClient.swift */; };
		E884400022D7D6E200E5A5AE /* MarsRoverApi.swift in Sources */ = {isa = PBXBuildFile; fileRef = E8843FFF22D7D6E200E5A5AE /* MarsRoverApi.swift */; };
		E884400222D7D73100E5A5AE /* Photo.swift in Sources */ = {isa = PBXBuildFile; fileRef = E884400122D7D73100E5A5AE /* Photo.swift */; };
		E884400422D7D8C200E5A5AE /* DPDateFormatters.swift in Sources */ = {isa = PBXBuildFile; fileRef = E884400322D7D8C200E5A5AE /* DPDateFormatters.swift */; };
		E884400622D7D95B00E5A5AE /* Constants.swift in Sources */ = {isa = PBXBuildFile; fileRef = E884400522D7D95B00E5A5AE /* Constants.swift */; };
		E884400822D7DCC900E5A5AE /* NASARoverApi.swift in Sources */ = {isa = PBXBuildFile; fileRef = E884400722D7DCC900E5A5AE /* NASARoverApi.swift */; };
		E884400A22D7E3CC00E5A5AE /* PhotosRequestParameters.swift in Sources */ = {isa = PBXBuildFile; fileRef = E884400922D7E3CC00E5A5AE /* PhotosRequestParameters.swift */; };
		E884400D22D7E47700E5A5AE /* PageLoader.swift in Sources */ = {isa = PBXBuildFile; fileRef = E884400C22D7E47700E5A5AE /* PageLoader.swift */; };
		E884400F22D7F36200E5A5AE /* RequestParameters.swift in Sources */ = {isa = PBXBuildFile; fileRef = E884400E22D7F36200E5A5AE /* RequestParameters.swift */; };
		E884401122D7F38200E5A5AE /* NASASerializer.swift in Sources */ = {isa = PBXBuildFile; fileRef = E884401022D7F38200E5A5AE /* NASASerializer.swift */; };
		E884401622D7F51700E5A5AE /* RoverSelectionVM.swift in Sources */ = {isa = PBXBuildFile; fileRef = E884401522D7F51700E5A5AE /* RoverSelectionVM.swift */; };
		E884401922D7F77300E5A5AE /* UserCache.swift in Sources */ = {isa = PBXBuildFile; fileRef = E884401822D7F77300E5A5AE /* UserCache.swift */; };
		E884401C22D8912E00E5A5AE /* PhotosVM.swift in Sources */ = {isa = PBXBuildFile; fileRef = E884401B22D8912E00E5A5AE /* PhotosVM.swift */; };
		E884401F22D896DF00E5A5AE /* RoverSelectionVC.swift in Sources */ = {isa = PBXBuildFile; fileRef = E884401E22D896DF00E5A5AE /* RoverSelectionVC.swift */; };
		E884402322D8A2B800E5A5AE /* RoverCell.swift in Sources */ = {isa = PBXBuildFile; fileRef = E884402122D8A2B800E5A5AE /* RoverCell.swift */; };
		E884402422D8A2B800E5A5AE /* RoverCell.xib in Resources */ = {isa = PBXBuildFile; fileRef = E884402222D8A2B800E5A5AE /* RoverCell.xib */; };
		E884402622D8CC7D00E5A5AE /* Router.swift in Sources */ = {isa = PBXBuildFile; fileRef = E884402522D8CC7D00E5A5AE /* Router.swift */; };
		E884402922D8CDD000E5A5AE /* Transition.swift in Sources */ = {isa = PBXBuildFile; fileRef = E884402822D8CDD000E5A5AE /* Transition.swift */; };
		E884402C22D8CE1300E5A5AE /* Animator.swift in Sources */ = {isa = PBXBuildFile; fileRef = E884402B22D8CE1300E5A5AE /* Animator.swift */; };
		E884402E22D8CE3700E5A5AE /* PushTransition.swift in Sources */ = {isa = PBXBuildFile; fileRef = E884402D22D8CE3700E5A5AE /* PushTransition.swift */; };
		E884403022D8D06300E5A5AE /* RoverSelectionRouter.swift in Sources */ = {isa = PBXBuildFile; fileRef = E884402F22D8D06300E5A5AE /* RoverSelectionRouter.swift */; };
		E884403222D8D23F00E5A5AE /* RoverSelectionModule.swift in Sources */ = {isa = PBXBuildFile; fileRef = E884403122D8D23F00E5A5AE /* RoverSelectionModule.swift */; };
		E884403422D8D35F00E5A5AE /* PhotosModule.swift in Sources */ = {isa = PBXBuildFile; fileRef = E884403322D8D35F00E5A5AE /* PhotosModule.swift */; };
		E884403622D8D46600E5A5AE /* PhotosRoute.swift in Sources */ = {isa = PBXBuildFile; fileRef = E884403522D8D46600E5A5AE /* PhotosRoute.swift */; };
		E884403822D8D62E00E5A5AE /* PhotosVC.swift in Sources */ = {isa = PBXBuildFile; fileRef = E884403722D8D62E00E5A5AE /* PhotosVC.swift */; };
		E884403B22D8DFCE00E5A5AE /* PhotosRouter.swift in Sources */ = {isa = PBXBuildFile; fileRef = E884403A22D8DFCE00E5A5AE /* PhotosRouter.swift */; };
		E884404B22D8F0A900E5A5AE /* NotoSerif-BoldItalic.ttf in Resources */ = {isa = PBXBuildFile; fileRef = E884404722D8F0A800E5A5AE /* NotoSerif-BoldItalic.ttf */; };
		E884404C22D8F0A900E5A5AE /* NotoSerif-Regular.ttf in Resources */ = {isa = PBXBuildFile; fileRef = E884404822D8F0A800E5A5AE /* NotoSerif-Regular.ttf */; };
		E884404D22D8F0A900E5A5AE /* NotoSerif-RegularItalic.ttf in Resources */ = {isa = PBXBuildFile; fileRef = E884404922D8F0A800E5A5AE /* NotoSerif-RegularItalic.ttf */; };
		E884404E22D8F0A900E5A5AE /* NotoSerif-Bold.ttf in Resources */ = {isa = PBXBuildFile; fileRef = E884404A22D8F0A900E5A5AE /* NotoSerif-Bold.ttf */; };
		E884405022D8F8ED00E5A5AE /* DPViewController.swift in Sources */ = {isa = PBXBuildFile; fileRef = E884404F22D8F8ED00E5A5AE /* DPViewController.swift */; };
		E884405322D8FD8F00E5A5AE /* PhotoCell.swift in Sources */ = {isa = PBXBuildFile; fileRef = E884405122D8FD8F00E5A5AE /* PhotoCell.swift */; };
		E884405422D8FD8F00E5A5AE /* PhotoCell.xib in Resources */ = {isa = PBXBuildFile; fileRef = E884405222D8FD8F00E5A5AE /* PhotoCell.xib */; };
		E884405622D92AAE00E5A5AE /* PDPickersView.swift in Sources */ = {isa = PBXBuildFile; fileRef = E884405522D92AAD00E5A5AE /* PDPickersView.swift */; };
/* End PBXBuildFile section */

/* Begin PBXContainerItemProxy section */
		E85934F522C3630400333824 /* PBXContainerItemProxy */ = {
			isa = PBXContainerItemProxy;
			containerPortal = E85934D822C3630300333824 /* Project object */;
			proxyType = 1;
			remoteGlobalIDString = E85934DF22C3630300333824;
			remoteInfo = DoomPrequel;
		};
/* End PBXContainerItemProxy section */

/* Begin PBXFileReference section */
		4185C224BCC718926CD2F297 /* Pods_DoomPrequel.framework */ = {isa = PBXFileReference; explicitFileType = wrapper.framework; includeInIndex = 0; path = Pods_DoomPrequel.framework; sourceTree = BUILT_PRODUCTS_DIR; };
		8EFDC18FC8079AC4DC7E0FA1 /* Pods-DoomPrequel.release.xcconfig */ = {isa = PBXFileReference; includeInIndex = 1; lastKnownFileType = text.xcconfig; name = "Pods-DoomPrequel.release.xcconfig"; path = "Target Support Files/Pods-DoomPrequel/Pods-DoomPrequel.release.xcconfig"; sourceTree = "<group>"; };
		DA36CF0BD46481100C659B4B /* Pods-DoomPrequel.debug.xcconfig */ = {isa = PBXFileReference; includeInIndex = 1; lastKnownFileType = text.xcconfig; name = "Pods-DoomPrequel.debug.xcconfig"; path = "Target Support Files/Pods-DoomPrequel/Pods-DoomPrequel.debug.xcconfig"; sourceTree = "<group>"; };
		E818D23122D6844900231262 /* Camera.swift */ = {isa = PBXFileReference; lastKnownFileType = sourcecode.swift; path = Camera.swift; sourceTree = "<group>"; };
		E818D23422D684DA00231262 /* Rover.swift */ = {isa = PBXFileReference; lastKnownFileType = sourcecode.swift; path = Rover.swift; sourceTree = "<group>"; };
		E85934E022C3630300333824 /* DoomPrequel.app */ = {isa = PBXFileReference; explicitFileType = wrapper.application; includeInIndex = 0; path = DoomPrequel.app; sourceTree = BUILT_PRODUCTS_DIR; };
		E85934E322C3630300333824 /* AppDelegate.swift */ = {isa = PBXFileReference; lastKnownFileType = sourcecode.swift; path = AppDelegate.swift; sourceTree = "<group>"; };
		E85934E522C3630300333824 /* ViewController.swift */ = {isa = PBXFileReference; lastKnownFileType = sourcecode.swift; path = ViewController.swift; sourceTree = "<group>"; };
		E85934EA22C3630400333824 /* Assets.xcassets */ = {isa = PBXFileReference; lastKnownFileType = folder.assetcatalog; path = Assets.xcassets; sourceTree = "<group>"; };
		E85934ED22C3630400333824 /* Base */ = {isa = PBXFileReference; lastKnownFileType = file.storyboard; name = Base; path = Base.lproj/LaunchScreen.storyboard; sourceTree = "<group>"; };
		E85934EF22C3630400333824 /* Info.plist */ = {isa = PBXFileReference; lastKnownFileType = text.plist.xml; path = Info.plist; sourceTree = "<group>"; };
		E85934F422C3630400333824 /* DoomPrequelTests.xctest */ = {isa = PBXFileReference; explicitFileType = wrapper.cfbundle; includeInIndex = 0; path = DoomPrequelTests.xctest; sourceTree = BUILT_PRODUCTS_DIR; };
		E85934F822C3630400333824 /* DoomPrequelTests.swift */ = {isa = PBXFileReference; lastKnownFileType = sourcecode.swift; path = DoomPrequelTests.swift; sourceTree = "<group>"; };
		E85934FA22C3630400333824 /* Info.plist */ = {isa = PBXFileReference; lastKnownFileType = text.plist.xml; path = Info.plist; sourceTree = "<group>"; };
		E859350522C3686C00333824 /* NASAService.swift */ = {isa = PBXFileReference; lastKnownFileType = sourcecode.swift; path = NASAService.swift; sourceTree = "<group>"; };
		E8843FFD22D7D69D00E5A5AE /* ApiClient.swift */ = {isa = PBXFileReference; lastKnownFileType = sourcecode.swift; path = ApiClient.swift; sourceTree = "<group>"; };
		E8843FFF22D7D6E200E5A5AE /* MarsRoverApi.swift */ = {isa = PBXFileReference; lastKnownFileType = sourcecode.swift; path = MarsRoverApi.swift; sourceTree = "<group>"; };
		E884400122D7D73100E5A5AE /* Photo.swift */ = {isa = PBXFileReference; lastKnownFileType = sourcecode.swift; path = Photo.swift; sourceTree = "<group>"; };
		E884400322D7D8C200E5A5AE /* DPDateFormatters.swift */ = {isa = PBXFileReference; lastKnownFileType = sourcecode.swift; path = DPDateFormatters.swift; sourceTree = "<group>"; };
		E884400522D7D95B00E5A5AE /* Constants.swift */ = {isa = PBXFileReference; lastKnownFileType = sourcecode.swift; path = Constants.swift; sourceTree = "<group>"; };
		E884400722D7DCC900E5A5AE /* NASARoverApi.swift */ = {isa = PBXFileReference; lastKnownFileType = sourcecode.swift; path = NASARoverApi.swift; sourceTree = "<group>"; };
		E884400922D7E3CC00E5A5AE /* PhotosRequestParameters.swift */ = {isa = PBXFileReference; lastKnownFileType = sourcecode.swift; path = PhotosRequestParameters.swift; sourceTree = "<group>"; };
		E884400C22D7E47700E5A5AE /* PageLoader.swift */ = {isa = PBXFileReference; lastKnownFileType = sourcecode.swift; path = PageLoader.swift; sourceTree = "<group>"; };
		E884400E22D7F36200E5A5AE /* RequestParameters.swift */ = {isa = PBXFileReference; lastKnownFileType = sourcecode.swift; path = RequestParameters.swift; sourceTree = "<group>"; };
		E884401022D7F38200E5A5AE /* NASASerializer.swift */ = {isa = PBXFileReference; lastKnownFileType = sourcecode.swift; path = NASASerializer.swift; sourceTree = "<group>"; };
		E884401522D7F51700E5A5AE /* RoverSelectionVM.swift */ = {isa = PBXFileReference; lastKnownFileType = sourcecode.swift; path = RoverSelectionVM.swift; sourceTree = "<group>"; };
		E884401822D7F77300E5A5AE /* UserCache.swift */ = {isa = PBXFileReference; lastKnownFileType = sourcecode.swift; path = UserCache.swift; sourceTree = "<group>"; };
		E884401B22D8912E00E5A5AE /* PhotosVM.swift */ = {isa = PBXFileReference; lastKnownFileType = sourcecode.swift; path = PhotosVM.swift; sourceTree = "<group>"; };
		E884401E22D896DF00E5A5AE /* RoverSelectionVC.swift */ = {isa = PBXFileReference; lastKnownFileType = sourcecode.swift; path = RoverSelectionVC.swift; sourceTree = "<group>"; };
		E884402122D8A2B800E5A5AE /* RoverCell.swift */ = {isa = PBXFileReference; lastKnownFileType = sourcecode.swift; path = RoverCell.swift; sourceTree = "<group>"; };
		E884402222D8A2B800E5A5AE /* RoverCell.xib */ = {isa = PBXFileReference; lastKnownFileType = file.xib; path = RoverCell.xib; sourceTree = "<group>"; };
		E884402522D8CC7D00E5A5AE /* Router.swift */ = {isa = PBXFileReference; lastKnownFileType = sourcecode.swift; path = Router.swift; sourceTree = "<group>"; };
		E884402822D8CDD000E5A5AE /* Transition.swift */ = {isa = PBXFileReference; lastKnownFileType = sourcecode.swift; path = Transition.swift; sourceTree = "<group>"; };
		E884402B22D8CE1300E5A5AE /* Animator.swift */ = {isa = PBXFileReference; lastKnownFileType = sourcecode.swift; path = Animator.swift; sourceTree = "<group>"; };
		E884402D22D8CE3700E5A5AE /* PushTransition.swift */ = {isa = PBXFileReference; lastKnownFileType = sourcecode.swift; path = PushTransition.swift; sourceTree = "<group>"; };
		E884402F22D8D06300E5A5AE /* RoverSelectionRouter.swift */ = {isa = PBXFileReference; lastKnownFileType = sourcecode.swift; path = RoverSelectionRouter.swift; sourceTree = "<group>"; };
		E884403122D8D23F00E5A5AE /* RoverSelectionModule.swift */ = {isa = PBXFileReference; lastKnownFileType = sourcecode.swift; path = RoverSelectionModule.swift; sourceTree = "<group>"; };
		E884403322D8D35F00E5A5AE /* PhotosModule.swift */ = {isa = PBXFileReference; lastKnownFileType = sourcecode.swift; path = PhotosModule.swift; sourceTree = "<group>"; };
		E884403522D8D46600E5A5AE /* PhotosRoute.swift */ = {isa = PBXFileReference; lastKnownFileType = sourcecode.swift; path = PhotosRoute.swift; sourceTree = "<group>"; };
		E884403722D8D62E00E5A5AE /* PhotosVC.swift */ = {isa = PBXFileReference; lastKnownFileType = sourcecode.swift; path = PhotosVC.swift; sourceTree = "<group>"; };
		E884403A22D8DFCE00E5A5AE /* PhotosRouter.swift */ = {isa = PBXFileReference; lastKnownFileType = sourcecode.swift; path = PhotosRouter.swift; sourceTree = "<group>"; };
		E884404722D8F0A800E5A5AE /* NotoSerif-BoldItalic.ttf */ = {isa = PBXFileReference; lastKnownFileType = file; path = "NotoSerif-BoldItalic.ttf"; sourceTree = "<group>"; };
		E884404822D8F0A800E5A5AE /* NotoSerif-Regular.ttf */ = {isa = PBXFileReference; lastKnownFileType = file; path = "NotoSerif-Regular.ttf"; sourceTree = "<group>"; };
		E884404922D8F0A800E5A5AE /* NotoSerif-RegularItalic.ttf */ = {isa = PBXFileReference; lastKnownFileType = file; path = "NotoSerif-RegularItalic.ttf"; sourceTree = "<group>"; };
		E884404A22D8F0A900E5A5AE /* NotoSerif-Bold.ttf */ = {isa = PBXFileReference; lastKnownFileType = file; path = "NotoSerif-Bold.ttf"; sourceTree = "<group>"; };
		E884404F22D8F8ED00E5A5AE /* DPViewController.swift */ = {isa = PBXFileReference; lastKnownFileType = sourcecode.swift; path = DPViewController.swift; sourceTree = "<group>"; };
		E884405122D8FD8F00E5A5AE /* PhotoCell.swift */ = {isa = PBXFileReference; lastKnownFileType = sourcecode.swift; path = PhotoCell.swift; sourceTree = "<group>"; };
		E884405222D8FD8F00E5A5AE /* PhotoCell.xib */ = {isa = PBXFileReference; lastKnownFileType = file.xib; path = PhotoCell.xib; sourceTree = "<group>"; };
		E884405522D92AAD00E5A5AE /* PDPickersView.swift */ = {isa = PBXFileReference; lastKnownFileType = sourcecode.swift; path = PDPickersView.swift; sourceTree = "<group>"; };
/* End PBXFileReference section */

/* Begin PBXFrameworksBuildPhase section */
		E85934DD22C3630300333824 /* Frameworks */ = {
			isa = PBXFrameworksBuildPhase;
			buildActionMask = 2147483647;
			files = (
				E4E7A303944CA8EA74989884 /* Pods_DoomPrequel.framework in Frameworks */,
			);
			runOnlyForDeploymentPostprocessing = 0;
		};
		E85934F122C3630400333824 /* Frameworks */ = {
			isa = PBXFrameworksBuildPhase;
			buildActionMask = 2147483647;
			files = (
			);
			runOnlyForDeploymentPostprocessing = 0;
		};
/* End PBXFrameworksBuildPhase section */

/* Begin PBXGroup section */
		5741194490321C9C8EABA3B8 /* Frameworks */ = {
			isa = PBXGroup;
			children = (
				4185C224BCC718926CD2F297 /* Pods_DoomPrequel.framework */,
			);
			name = Frameworks;
			sourceTree = "<group>";
		};
		C33468D28BF98B4C15DAFB6D /* Pods */ = {
			isa = PBXGroup;
			children = (
				DA36CF0BD46481100C659B4B /* Pods-DoomPrequel.debug.xcconfig */,
				8EFDC18FC8079AC4DC7E0FA1 /* Pods-DoomPrequel.release.xcconfig */,
			);
			path = Pods;
			sourceTree = "<group>";
		};
		E818D23322D684CA00231262 /* Models */ = {
			isa = PBXGroup;
			children = (
				E818D23122D6844900231262 /* Camera.swift */,
				E818D23422D684DA00231262 /* Rover.swift */,
				E884400122D7D73100E5A5AE /* Photo.swift */,
			);
			path = Models;
			sourceTree = "<group>";
		};
		E85934D722C3630300333824 = {
			isa = PBXGroup;
			children = (
				E85934E222C3630300333824 /* DoomPrequel */,
				E85934F722C3630400333824 /* DoomPrequelTests */,
				E85934E122C3630300333824 /* Products */,
				C33468D28BF98B4C15DAFB6D /* Pods */,
				5741194490321C9C8EABA3B8 /* Frameworks */,
			);
			sourceTree = "<group>";
		};
		E85934E122C3630300333824 /* Products */ = {
			isa = PBXGroup;
			children = (
				E85934E022C3630300333824 /* DoomPrequel.app */,
				E85934F422C3630400333824 /* DoomPrequelTests.xctest */,
			);
			name = Products;
			sourceTree = "<group>";
		};
		E85934E222C3630300333824 /* DoomPrequel */ = {
			isa = PBXGroup;
			children = (
				E884403C22D8EAAC00E5A5AE /* Resources */,
				E884401722D7F76400E5A5AE /* Storage */,
				E818D23322D684CA00231262 /* Models */,
				E884400B22D7E3FF00E5A5AE /* Api */,
				E884401D22D896B900E5A5AE /* Screens */,
				E884402722D8CDBF00E5A5AE /* Routing */,
				E85934E322C3630300333824 /* AppDelegate.swift */,
				E85934E522C3630300333824 /* ViewController.swift */,
				E85934EA22C3630400333824 /* Assets.xcassets */,
				E85934EC22C3630400333824 /* LaunchScreen.storyboard */,
				E85934EF22C3630400333824 /* Info.plist */,
				E884400322D7D8C200E5A5AE /* DPDateFormatters.swift */,
				E884400522D7D95B00E5A5AE /* Constants.swift */,
			);
			path = DoomPrequel;
			sourceTree = "<group>";
		};
		E85934F722C3630400333824 /* DoomPrequelTests */ = {
			isa = PBXGroup;
			children = (
				E85934F822C3630400333824 /* DoomPrequelTests.swift */,
				E85934FA22C3630400333824 /* Info.plist */,
			);
			path = DoomPrequelTests;
			sourceTree = "<group>";
		};
		E859350422C3685800333824 /* NasaApi */ = {
			isa = PBXGroup;
			children = (
				E884400722D7DCC900E5A5AE /* NASARoverApi.swift */,
				E859350522C3686C00333824 /* NASAService.swift */,
				E884400922D7E3CC00E5A5AE /* PhotosRequestParameters.swift */,
				E884401022D7F38200E5A5AE /* NASASerializer.swift */,
			);
			path = NasaApi;
			sourceTree = "<group>";
		};
		E884400B22D7E3FF00E5A5AE /* Api */ = {
			isa = PBXGroup;
			children = (
				E8843FFD22D7D69D00E5A5AE /* ApiClient.swift */,
				E8843FFF22D7D6E200E5A5AE /* MarsRoverApi.swift */,
				E884400E22D7F36200E5A5AE /* RequestParameters.swift */,
				E884400C22D7E47700E5A5AE /* PageLoader.swift */,
				E859350422C3685800333824 /* NasaApi */,
			);
			path = Api;
			sourceTree = "<group>";
		};
		E884401422D7F50000E5A5AE /* RoverSelectionScreen */ = {
			isa = PBXGroup;
			children = (
				E884401522D7F51700E5A5AE /* RoverSelectionVM.swift */,
				E884401E22D896DF00E5A5AE /* RoverSelectionVC.swift */,
				E884402F22D8D06300E5A5AE /* RoverSelectionRouter.swift */,
				E884403122D8D23F00E5A5AE /* RoverSelectionModule.swift */,
				E884402022D8A2A300E5A5AE /* Cells */,
			);
			path = RoverSelectionScreen;
			sourceTree = "<group>";
		};
		E884401722D7F76400E5A5AE /* Storage */ = {
			isa = PBXGroup;
			children = (
				E884401822D7F77300E5A5AE /* UserCache.swift */,
			);
			path = Storage;
			sourceTree = "<group>";
		};
		E884401A22D8911300E5A5AE /* PhotosScreen */ = {
			isa = PBXGroup;
			children = (
				E884401B22D8912E00E5A5AE /* PhotosVM.swift */,
				E884403722D8D62E00E5A5AE /* PhotosVC.swift */,
				E884403A22D8DFCE00E5A5AE /* PhotosRouter.swift */,
				E884403322D8D35F00E5A5AE /* PhotosModule.swift */,
				E884405122D8FD8F00E5A5AE /* PhotoCell.swift */,
				E884405222D8FD8F00E5A5AE /* PhotoCell.xib */,
				E884405522D92AAD00E5A5AE /* PDPickersView.swift */,
			);
			path = PhotosScreen;
			sourceTree = "<group>";
		};
		E884401D22D896B900E5A5AE /* Screens */ = {
			isa = PBXGroup;
			children = (
				E884401422D7F50000E5A5AE /* RoverSelectionScreen */,
				E884401A22D8911300E5A5AE /* PhotosScreen */,
				E884404F22D8F8ED00E5A5AE /* DPViewController.swift */,
			);
			path = Screens;
			sourceTree = "<group>";
		};
		E884402022D8A2A300E5A5AE /* Cells */ = {
			isa = PBXGroup;
			children = (
				E884402122D8A2B800E5A5AE /* RoverCell.swift */,
				E884402222D8A2B800E5A5AE /* RoverCell.xib */,
			);
			path = Cells;
			sourceTree = "<group>";
		};
		E884402722D8CDBF00E5A5AE /* Routing */ = {
			isa = PBXGroup;
			children = (
				E884403922D8D83700E5A5AE /* ScreenRoutes */,
				E884402522D8CC7D00E5A5AE /* Router.swift */,
				E884402B22D8CE1300E5A5AE /* Animator.swift */,
				E884402A22D8CDEC00E5A5AE /* Transition */,
			);
			path = Routing;
			sourceTree = "<group>";
		};
		E884402A22D8CDEC00E5A5AE /* Transition */ = {
			isa = PBXGroup;
			children = (
				E884402822D8CDD000E5A5AE /* Transition.swift */,
				E884402D22D8CE3700E5A5AE /* PushTransition.swift */,
			);
			path = Transition;
			sourceTree = "<group>";
		};
		E884403922D8D83700E5A5AE /* ScreenRoutes */ = {
			isa = PBXGroup;
			children = (
				E884403522D8D46600E5A5AE /* PhotosRoute.swift */,
			);
			path = ScreenRoutes;
			sourceTree = "<group>";
		};
		E884403C22D8EAAC00E5A5AE /* Resources */ = {
			isa = PBXGroup;
			children = (
				E884404A22D8F0A900E5A5AE /* NotoSerif-Bold.ttf */,
				E884404722D8F0A800E5A5AE /* NotoSerif-BoldItalic.ttf */,
				E884404822D8F0A800E5A5AE /* NotoSerif-Regular.ttf */,
				E884404922D8F0A800E5A5AE /* NotoSerif-RegularItalic.ttf */,
			);
			path = Resources;
			sourceTree = "<group>";
		};
/* End PBXGroup section */

/* Begin PBXNativeTarget section */
		E85934DF22C3630300333824 /* DoomPrequel */ = {
			isa = PBXNativeTarget;
			buildConfigurationList = E85934FD22C3630400333824 /* Build configuration list for PBXNativeTarget "DoomPrequel" */;
			buildPhases = (
				AA07D9D01A536EC6CA136C31 /* [CP] Check Pods Manifest.lock */,
				E85934DC22C3630300333824 /* Sources */,
				E85934DD22C3630300333824 /* Frameworks */,
				E85934DE22C3630300333824 /* Resources */,
				3A39E3E36F899B5CF33BBEED /* [CP] Embed Pods Frameworks */,
			);
			buildRules = (
			);
			dependencies = (
			);
			name = DoomPrequel;
			productName = DoomPrequel;
			productReference = E85934E022C3630300333824 /* DoomPrequel.app */;
			productType = "com.apple.product-type.application";
		};
		E85934F322C3630400333824 /* DoomPrequelTests */ = {
			isa = PBXNativeTarget;
			buildConfigurationList = E859350022C3630400333824 /* Build configuration list for PBXNativeTarget "DoomPrequelTests" */;
			buildPhases = (
				E85934F022C3630400333824 /* Sources */,
				E85934F122C3630400333824 /* Frameworks */,
				E85934F222C3630400333824 /* Resources */,
			);
			buildRules = (
			);
			dependencies = (
				E85934F622C3630400333824 /* PBXTargetDependency */,
			);
			name = DoomPrequelTests;
			productName = DoomPrequelTests;
			productReference = E85934F422C3630400333824 /* DoomPrequelTests.xctest */;
			productType = "com.apple.product-type.bundle.unit-test";
		};
/* End PBXNativeTarget section */

/* Begin PBXProject section */
		E85934D822C3630300333824 /* Project object */ = {
			isa = PBXProject;
			attributes = {
				LastSwiftUpdateCheck = 1020;
				LastUpgradeCheck = 1020;
				ORGANIZATIONNAME = SocialTermite;
				TargetAttributes = {
					E85934DF22C3630300333824 = {
						CreatedOnToolsVersion = 10.2.1;
					};
					E85934F322C3630400333824 = {
						CreatedOnToolsVersion = 10.2.1;
						TestTargetID = E85934DF22C3630300333824;
					};
				};
			};
			buildConfigurationList = E85934DB22C3630300333824 /* Build configuration list for PBXProject "DoomPrequel" */;
			compatibilityVersion = "Xcode 9.3";
			developmentRegion = en;
			hasScannedForEncodings = 0;
			knownRegions = (
				en,
				Base,
			);
			mainGroup = E85934D722C3630300333824;
			productRefGroup = E85934E122C3630300333824 /* Products */;
			projectDirPath = "";
			projectRoot = "";
			targets = (
				E85934DF22C3630300333824 /* DoomPrequel */,
				E85934F322C3630400333824 /* DoomPrequelTests */,
			);
		};
/* End PBXProject section */

/* Begin PBXResourcesBuildPhase section */
		E85934DE22C3630300333824 /* Resources */ = {
			isa = PBXResourcesBuildPhase;
			buildActionMask = 2147483647;
			files = (
				E884405422D8FD8F00E5A5AE /* PhotoCell.xib in Resources */,
				E85934EE22C3630400333824 /* LaunchScreen.storyboard in Resources */,
				E884402422D8A2B800E5A5AE /* RoverCell.xib in Resources */,
				E884404C22D8F0A900E5A5AE /* NotoSerif-Regular.ttf in Resources */,
				E884404D22D8F0A900E5A5AE /* NotoSerif-RegularItalic.ttf in Resources */,
				E85934EB22C3630400333824 /* Assets.xcassets in Resources */,
				E884404E22D8F0A900E5A5AE /* NotoSerif-Bold.ttf in Resources */,
				E884404B22D8F0A900E5A5AE /* NotoSerif-BoldItalic.ttf in Resources */,
			);
			runOnlyForDeploymentPostprocessing = 0;
		};
		E85934F222C3630400333824 /* Resources */ = {
			isa = PBXResourcesBuildPhase;
			buildActionMask = 2147483647;
			files = (
			);
			runOnlyForDeploymentPostprocessing = 0;
		};
/* End PBXResourcesBuildPhase section */

/* Begin PBXShellScriptBuildPhase section */
		3A39E3E36F899B5CF33BBEED /* [CP] Embed Pods Frameworks */ = {
			isa = PBXShellScriptBuildPhase;
			buildActionMask = 2147483647;
			files = (
			);
			inputFileListPaths = (
				"${PODS_ROOT}/Target Support Files/Pods-DoomPrequel/Pods-DoomPrequel-frameworks-${CONFIGURATION}-input-files.xcfilelist",
			);
			name = "[CP] Embed Pods Frameworks";
			outputFileListPaths = (
				"${PODS_ROOT}/Target Support Files/Pods-DoomPrequel/Pods-DoomPrequel-frameworks-${CONFIGURATION}-output-files.xcfilelist",
			);
			runOnlyForDeploymentPostprocessing = 0;
			shellPath = /bin/sh;
			shellScript = "\"${PODS_ROOT}/Target Support Files/Pods-DoomPrequel/Pods-DoomPrequel-frameworks.sh\"\n";
			showEnvVarsInLog = 0;
		};
		AA07D9D01A536EC6CA136C31 /* [CP] Check Pods Manifest.lock */ = {
			isa = PBXShellScriptBuildPhase;
			buildActionMask = 2147483647;
			files = (
			);
			inputFileListPaths = (
			);
			inputPaths = (
				"${PODS_PODFILE_DIR_PATH}/Podfile.lock",
				"${PODS_ROOT}/Manifest.lock",
			);
			name = "[CP] Check Pods Manifest.lock";
			outputFileListPaths = (
			);
			outputPaths = (
				"$(DERIVED_FILE_DIR)/Pods-DoomPrequel-checkManifestLockResult.txt",
			);
			runOnlyForDeploymentPostprocessing = 0;
			shellPath = /bin/sh;
			shellScript = "diff \"${PODS_PODFILE_DIR_PATH}/Podfile.lock\" \"${PODS_ROOT}/Manifest.lock\" > /dev/null\nif [ $? != 0 ] ; then\n    # print error to STDERR\n    echo \"error: The sandbox is not in sync with the Podfile.lock. Run 'pod install' or update your CocoaPods installation.\" >&2\n    exit 1\nfi\n# This output is used by Xcode 'outputs' to avoid re-running this script phase.\necho \"SUCCESS\" > \"${SCRIPT_OUTPUT_FILE_0}\"\n";
			showEnvVarsInLog = 0;
		};
/* End PBXShellScriptBuildPhase section */

/* Begin PBXSourcesBuildPhase section */
		E85934DC22C3630300333824 /* Sources */ = {
			isa = PBXSourcesBuildPhase;
			buildActionMask = 2147483647;
			files = (
				E884403622D8D46600E5A5AE /* PhotosRoute.swift in Sources */,
				E884400D22D7E47700E5A5AE /* PageLoader.swift in Sources */,
				E884401C22D8912E00E5A5AE /* PhotosVM.swift in Sources */,
				E884400422D7D8C200E5A5AE /* DPDateFormatters.swift in Sources */,
				E884400222D7D73100E5A5AE /* Photo.swift in Sources */,
				E884400F22D7F36200E5A5AE /* RequestParameters.swift in Sources */,
				E884403022D8D06300E5A5AE /* RoverSelectionRouter.swift in Sources */,
				E884401F22D896DF00E5A5AE /* RoverSelectionVC.swift in Sources */,
				E884400022D7D6E200E5A5AE /* MarsRoverApi.swift in Sources */,
				E859350622C3686C00333824 /* NASAService.swift in Sources */,
				E818D23222D6844900231262 /* Camera.swift in Sources */,
				E884400822D7DCC900E5A5AE /* NASARoverApi.swift in Sources */,
				E884403422D8D35F00E5A5AE /* PhotosModule.swift in Sources */,
				E884402E22D8CE3700E5A5AE /* PushTransition.swift in Sources */,
				E884402622D8CC7D00E5A5AE /* Router.swift in Sources */,
				E884403822D8D62E00E5A5AE /* PhotosVC.swift in Sources */,
				E884401622D7F51700E5A5AE /* RoverSelectionVM.swift in Sources */,
				E884403B22D8DFCE00E5A5AE /* PhotosRouter.swift in Sources */,
				E884400A22D7E3CC00E5A5AE /* PhotosRequestParameters.swift in Sources */,
				E884400622D7D95B00E5A5AE /* Constants.swift in Sources */,
				E884405322D8FD8F00E5A5AE /* PhotoCell.swift in Sources */,
				E818D23522D684DA00231262 /* Rover.swift in Sources */,
				E85934E622C3630300333824 /* ViewController.swift in Sources */,
				E884402922D8CDD000E5A5AE /* Transition.swift in Sources */,
				E85934E422C3630300333824 /* AppDelegate.swift in Sources */,
				E884402322D8A2B800E5A5AE /* RoverCell.swift in Sources */,
				E884401922D7F77300E5A5AE /* UserCache.swift in Sources */,
				E8843FFE22D7D69E00E5A5AE /* ApiClient.swift in Sources */,
				E884405022D8F8ED00E5A5AE /* DPViewController.swift in Sources */,
				E884405622D92AAE00E5A5AE /* PDPickersView.swift in Sources */,
				E884402C22D8CE1300E5A5AE /* Animator.swift in Sources */,
				E884401122D7F38200E5A5AE /* NASASerializer.swift in Sources */,
				E884403222D8D23F00E5A5AE /* RoverSelectionModule.swift in Sources */,
			);
			runOnlyForDeploymentPostprocessing = 0;
		};
		E85934F022C3630400333824 /* Sources */ = {
			isa = PBXSourcesBuildPhase;
			buildActionMask = 2147483647;
			files = (
				E85934F922C3630400333824 /* DoomPrequelTests.swift in Sources */,
			);
			runOnlyForDeploymentPostprocessing = 0;
		};
/* End PBXSourcesBuildPhase section */

/* Begin PBXTargetDependency section */
		E85934F622C3630400333824 /* PBXTargetDependency */ = {
			isa = PBXTargetDependency;
			target = E85934DF22C3630300333824 /* DoomPrequel */;
			targetProxy = E85934F522C3630400333824 /* PBXContainerItemProxy */;
		};
/* End PBXTargetDependency section */

/* Begin PBXVariantGroup section */
		E85934EC22C3630400333824 /* LaunchScreen.storyboard */ = {
			isa = PBXVariantGroup;
			children = (
				E85934ED22C3630400333824 /* Base */,
			);
			name = LaunchScreen.storyboard;
			sourceTree = "<group>";
		};
/* End PBXVariantGroup section */

/* Begin XCBuildConfiguration section */
		E85934FB22C3630400333824 /* Debug */ = {
			isa = XCBuildConfiguration;
			buildSettings = {
				ALWAYS_SEARCH_USER_PATHS = NO;
				CLANG_ANALYZER_NONNULL = YES;
				CLANG_ANALYZER_NUMBER_OBJECT_CONVERSION = YES_AGGRESSIVE;
				CLANG_CXX_LANGUAGE_STANDARD = "gnu++14";
				CLANG_CXX_LIBRARY = "libc++";
				CLANG_ENABLE_MODULES = YES;
				CLANG_ENABLE_OBJC_ARC = YES;
				CLANG_ENABLE_OBJC_WEAK = YES;
				CLANG_WARN_BLOCK_CAPTURE_AUTORELEASING = YES;
				CLANG_WARN_BOOL_CONVERSION = YES;
				CLANG_WARN_COMMA = YES;
				CLANG_WARN_CONSTANT_CONVERSION = YES;
				CLANG_WARN_DEPRECATED_OBJC_IMPLEMENTATIONS = YES;
				CLANG_WARN_DIRECT_OBJC_ISA_USAGE = YES_ERROR;
				CLANG_WARN_DOCUMENTATION_COMMENTS = YES;
				CLANG_WARN_EMPTY_BODY = YES;
				CLANG_WARN_ENUM_CONVERSION = YES;
				CLANG_WARN_INFINITE_RECURSION = YES;
				CLANG_WARN_INT_CONVERSION = YES;
				CLANG_WARN_NON_LITERAL_NULL_CONVERSION = YES;
				CLANG_WARN_OBJC_IMPLICIT_RETAIN_SELF = YES;
				CLANG_WARN_OBJC_LITERAL_CONVERSION = YES;
				CLANG_WARN_OBJC_ROOT_CLASS = YES_ERROR;
				CLANG_WARN_RANGE_LOOP_ANALYSIS = YES;
				CLANG_WARN_STRICT_PROTOTYPES = YES;
				CLANG_WARN_SUSPICIOUS_MOVE = YES;
				CLANG_WARN_UNGUARDED_AVAILABILITY = YES_AGGRESSIVE;
				CLANG_WARN_UNREACHABLE_CODE = YES;
				CLANG_WARN__DUPLICATE_METHOD_MATCH = YES;
				CODE_SIGN_IDENTITY = "iPhone Developer";
				COPY_PHASE_STRIP = NO;
				DEBUG_INFORMATION_FORMAT = dwarf;
				ENABLE_STRICT_OBJC_MSGSEND = YES;
				ENABLE_TESTABILITY = YES;
				GCC_C_LANGUAGE_STANDARD = gnu11;
				GCC_DYNAMIC_NO_PIC = NO;
				GCC_NO_COMMON_BLOCKS = YES;
				GCC_OPTIMIZATION_LEVEL = 0;
				GCC_PREPROCESSOR_DEFINITIONS = (
					"DEBUG=1",
					"$(inherited)",
				);
				GCC_WARN_64_TO_32_BIT_CONVERSION = YES;
				GCC_WARN_ABOUT_RETURN_TYPE = YES_ERROR;
				GCC_WARN_UNDECLARED_SELECTOR = YES;
				GCC_WARN_UNINITIALIZED_AUTOS = YES_AGGRESSIVE;
				GCC_WARN_UNUSED_FUNCTION = YES;
				GCC_WARN_UNUSED_VARIABLE = YES;
				IPHONEOS_DEPLOYMENT_TARGET = 12.2;
				MTL_ENABLE_DEBUG_INFO = INCLUDE_SOURCE;
				MTL_FAST_MATH = YES;
				ONLY_ACTIVE_ARCH = YES;
				SDKROOT = iphoneos;
				SWIFT_ACTIVE_COMPILATION_CONDITIONS = DEBUG;
				SWIFT_OPTIMIZATION_LEVEL = "-Onone";
			};
			name = Debug;
		};
		E85934FC22C3630400333824 /* Release */ = {
			isa = XCBuildConfiguration;
			buildSettings = {
				ALWAYS_SEARCH_USER_PATHS = NO;
				CLANG_ANALYZER_NONNULL = YES;
				CLANG_ANALYZER_NUMBER_OBJECT_CONVERSION = YES_AGGRESSIVE;
				CLANG_CXX_LANGUAGE_STANDARD = "gnu++14";
				CLANG_CXX_LIBRARY = "libc++";
				CLANG_ENABLE_MODULES = YES;
				CLANG_ENABLE_OBJC_ARC = YES;
				CLANG_ENABLE_OBJC_WEAK = YES;
				CLANG_WARN_BLOCK_CAPTURE_AUTORELEASING = YES;
				CLANG_WARN_BOOL_CONVERSION = YES;
				CLANG_WARN_COMMA = YES;
				CLANG_WARN_CONSTANT_CONVERSION = YES;
				CLANG_WARN_DEPRECATED_OBJC_IMPLEMENTATIONS = YES;
				CLANG_WARN_DIRECT_OBJC_ISA_USAGE = YES_ERROR;
				CLANG_WARN_DOCUMENTATION_COMMENTS = YES;
				CLANG_WARN_EMPTY_BODY = YES;
				CLANG_WARN_ENUM_CONVERSION = YES;
				CLANG_WARN_INFINITE_RECURSION = YES;
				CLANG_WARN_INT_CONVERSION = YES;
				CLANG_WARN_NON_LITERAL_NULL_CONVERSION = YES;
				CLANG_WARN_OBJC_IMPLICIT_RETAIN_SELF = YES;
				CLANG_WARN_OBJC_LITERAL_CONVERSION = YES;
				CLANG_WARN_OBJC_ROOT_CLASS = YES_ERROR;
				CLANG_WARN_RANGE_LOOP_ANALYSIS = YES;
				CLANG_WARN_STRICT_PROTOTYPES = YES;
				CLANG_WARN_SUSPICIOUS_MOVE = YES;
				CLANG_WARN_UNGUARDED_AVAILABILITY = YES_AGGRESSIVE;
				CLANG_WARN_UNREACHABLE_CODE = YES;
				CLANG_WARN__DUPLICATE_METHOD_MATCH = YES;
				CODE_SIGN_IDENTITY = "iPhone Developer";
				COPY_PHASE_STRIP = NO;
				DEBUG_INFORMATION_FORMAT = "dwarf-with-dsym";
				ENABLE_NS_ASSERTIONS = NO;
				ENABLE_STRICT_OBJC_MSGSEND = YES;
				GCC_C_LANGUAGE_STANDARD = gnu11;
				GCC_NO_COMMON_BLOCKS = YES;
				GCC_WARN_64_TO_32_BIT_CONVERSION = YES;
				GCC_WARN_ABOUT_RETURN_TYPE = YES_ERROR;
				GCC_WARN_UNDECLARED_SELECTOR = YES;
				GCC_WARN_UNINITIALIZED_AUTOS = YES_AGGRESSIVE;
				GCC_WARN_UNUSED_FUNCTION = YES;
				GCC_WARN_UNUSED_VARIABLE = YES;
				IPHONEOS_DEPLOYMENT_TARGET = 12.2;
				MTL_ENABLE_DEBUG_INFO = NO;
				MTL_FAST_MATH = YES;
				SDKROOT = iphoneos;
				SWIFT_COMPILATION_MODE = wholemodule;
				SWIFT_OPTIMIZATION_LEVEL = "-O";
				VALIDATE_PRODUCT = YES;
			};
			name = Release;
		};
		E85934FE22C3630400333824 /* Debug */ = {
			isa = XCBuildConfiguration;
			baseConfigurationReference = DA36CF0BD46481100C659B4B /* Pods-DoomPrequel.debug.xcconfig */;
			buildSettings = {
				ASSETCATALOG_COMPILER_APPICON_NAME = AppIcon;
				CODE_SIGN_STYLE = Automatic;
				DEVELOPMENT_TEAM = N323V8M9LM;
				INFOPLIST_FILE = DoomPrequel/Info.plist;
				LD_RUNPATH_SEARCH_PATHS = (
					"$(inherited)",
					"@executable_path/Frameworks",
				);
				PRODUCT_BUNDLE_IDENTIFIER = com.SocialTermite.DoomPrequel;
				PRODUCT_NAME = "$(TARGET_NAME)";
				SWIFT_VERSION = 5.0;
				TARGETED_DEVICE_FAMILY = "1,2";
			};
			name = Debug;
		};
		E85934FF22C3630400333824 /* Release */ = {
			isa = XCBuildConfiguration;
			baseConfigurationReference = 8EFDC18FC8079AC4DC7E0FA1 /* Pods-DoomPrequel.release.xcconfig */;
			buildSettings = {
				ASSETCATALOG_COMPILER_APPICON_NAME = AppIcon;
				CODE_SIGN_STYLE = Automatic;
				DEVELOPMENT_TEAM = N323V8M9LM;
				INFOPLIST_FILE = DoomPrequel/Info.plist;
				LD_RUNPATH_SEARCH_PATHS = (
					"$(inherited)",
					"@executable_path/Frameworks",
				);
				PRODUCT_BUNDLE_IDENTIFIER = com.SocialTermite.DoomPrequel;
				PRODUCT_NAME = "$(TARGET_NAME)";
				SWIFT_VERSION = 5.0;
				TARGETED_DEVICE_FAMILY = "1,2";
			};
			name = Release;
		};
		E859350122C3630400333824 /* Debug */ = {
			isa = XCBuildConfiguration;
			buildSettings = {
				ALWAYS_EMBED_SWIFT_STANDARD_LIBRARIES = YES;
				BUNDLE_LOADER = "$(TEST_HOST)";
				CODE_SIGN_STYLE = Automatic;
				DEVELOPMENT_TEAM = N323V8M9LM;
				INFOPLIST_FILE = DoomPrequelTests/Info.plist;
				LD_RUNPATH_SEARCH_PATHS = (
					"$(inherited)",
					"@executable_path/Frameworks",
					"@loader_path/Frameworks",
				);
				PRODUCT_BUNDLE_IDENTIFIER = com.SocialTermite.DoomPrequelTests;
				PRODUCT_NAME = "$(TARGET_NAME)";
				SWIFT_VERSION = 5.0;
				TARGETED_DEVICE_FAMILY = "1,2";
				TEST_HOST = "$(BUILT_PRODUCTS_DIR)/DoomPrequel.app/DoomPrequel";
			};
			name = Debug;
		};
		E859350222C3630400333824 /* Release */ = {
			isa = XCBuildConfiguration;
			buildSettings = {
				ALWAYS_EMBED_SWIFT_STANDARD_LIBRARIES = YES;
				BUNDLE_LOADER = "$(TEST_HOST)";
				CODE_SIGN_STYLE = Automatic;
				DEVELOPMENT_TEAM = N323V8M9LM;
				INFOPLIST_FILE = DoomPrequelTests/Info.plist;
				LD_RUNPATH_SEARCH_PATHS = (
					"$(inherited)",
					"@executable_path/Frameworks",
					"@loader_path/Frameworks",
				);
				PRODUCT_BUNDLE_IDENTIFIER = com.SocialTermite.DoomPrequelTests;
				PRODUCT_NAME = "$(TARGET_NAME)";
				SWIFT_VERSION = 5.0;
				TARGETED_DEVICE_FAMILY = "1,2";
				TEST_HOST = "$(BUILT_PRODUCTS_DIR)/DoomPrequel.app/DoomPrequel";
			};
			name = Release;
		};
/* End XCBuildConfiguration section */

/* Begin XCConfigurationList section */
		E85934DB22C3630300333824 /* Build configuration list for PBXProject "DoomPrequel" */ = {
			isa = XCConfigurationList;
			buildConfigurations = (
				E85934FB22C3630400333824 /* Debug */,
				E85934FC22C3630400333824 /* Release */,
			);
			defaultConfigurationIsVisible = 0;
			defaultConfigurationName = Release;
		};
		E85934FD22C3630400333824 /* Build configuration list for PBXNativeTarget "DoomPrequel" */ = {
			isa = XCConfigurationList;
			buildConfigurations = (
				E85934FE22C3630400333824 /* Debug */,
				E85934FF22C3630400333824 /* Release */,
			);
			defaultConfigurationIsVisible = 0;
			defaultConfigurationName = Release;
		};
		E859350022C3630400333824 /* Build configuration list for PBXNativeTarget "DoomPrequelTests" */ = {
			isa = XCConfigurationList;
			buildConfigurations = (
				E859350122C3630400333824 /* Debug */,
				E859350222C3630400333824 /* Release */,
			);
			defaultConfigurationIsVisible = 0;
			defaultConfigurationName = Release;
		};
/* End XCConfigurationList section */
	};
	rootObject = E85934D822C3630300333824 /* Project object */;
}
