// !$*UTF8*$!
{
	archiveVersion = 1;
	classes = {
	};
	objectVersion = 50;
	objects = {

/* Begin PBXBuildFile section */
		E85934E422C3630300333824 /* AppDelegate.swift in Sources */ = {isa = PBXBuildFile; fileRef = E85934E322C3630300333824 /* AppDelegate.swift */; };
		E85934E622C3630300333824 /* ViewController.swift in Sources */ = {isa = PBXBuildFile; fileRef = E85934E522C3630300333824 /* ViewController.swift */; };
		E85934E922C3630300333824 /* Main.storyboard in Resources */ = {isa = PBXBuildFile; fileRef = E85934E722C3630300333824 /* Main.storyboard */; };
		E85934EB22C3630400333824 /* Assets.xcassets in Resources */ = {isa = PBXBuildFile; fileRef = E85934EA22C3630400333824 /* Assets.xcassets */; };
		E85934EE22C3630400333824 /* LaunchScreen.storyboard in Resources */ = {isa = PBXBuildFile; fileRef = E85934EC22C3630400333824 /* LaunchScreen.storyboard */; };
		E85934F922C3630400333824 /* DoomPrequelTests.swift in Sources */ = {isa = PBXBuildFile; fileRef = E85934F822C3630400333824 /* DoomPrequelTests.swift */; };
/* End PBXBuildFile section */

/* Begin PBXContainerItemProxy section */
		E85934F522C3630400333824 /* PBXContainerItemProxy */ = {
			isa = PBXContainerItemProxy;
			containerPortal = E85934D822C3630300333824 /* Project object */;
			proxyType = 1;
			remoteGlobalIDString = E85934DF22C3630300333824;
			remoteInfo = DoomPrequel;
		};
/* End PBXContainerItemProxy section */

/* Begin PBXFileReference section */
		E85934E022C3630300333824 /* DoomPrequel.app */ = {isa = PBXFileReference; explicitFileType = wrapper.application; includeInIndex = 0; path = DoomPrequel.app; sourceTree = BUILT_PRODUCTS_DIR; };
		E85934E322C3630300333824 /* AppDelegate.swift */ = {isa = PBXFileReference; lastKnownFileType = sourcecode.swift; path = AppDelegate.swift; sourceTree = "<group>"; };
		E85934E522C3630300333824 /* ViewController.swift */ = {isa = PBXFileReference; lastKnownFileType = sourcecode.swift; path = ViewController.swift; sourceTree = "<group>"; };
		E85934E822C3630300333824 /* Base */ = {isa = PBXFileReference; lastKnownFileType = file.storyboard; name = Base; path = Base.lproj/Main.storyboard; sourceTree = "<group>"; };
		E85934EA22C3630400333824 /* Assets.xcassets */ = {isa = PBXFileReference; lastKnownFileType = folder.assetcatalog; path = Assets.xcassets; sourceTree = "<group>"; };
		E85934ED22C3630400333824 /* Base */ = {isa = PBXFileReference; lastKnownFileType = file.storyboard; name = Base; path = Base.lproj/LaunchScreen.storyboard; sourceTree = "<group>"; };
		E85934EF22C3630400333824 /* Info.plist */ = {isa = PBXFileReference; lastKnownFileType = text.plist.xml; path = Info.plist; sourceTree = "<group>"; };
		E85934F422C3630400333824 /* DoomPrequelTests.xctest */ = {isa = PBXFileReference; explicitFileType = wrapper.cfbundle; includeInIndex = 0; path = DoomPrequelTests.xctest; sourceTree = BUILT_PRODUCTS_DIR; };
		E85934F822C3630400333824 /* DoomPrequelTests.swift */ = {isa = PBXFileReference; lastKnownFileType = sourcecode.swift; path = DoomPrequelTests.swift; sourceTree = "<group>"; };
		E85934FA22C3630400333824 /* Info.plist */ = {isa = PBXFileReference; lastKnownFileType = text.plist.xml; path = Info.plist; sourceTree = "<group>"; };
/* End PBXFileReference section */

/* Begin PBXFrameworksBuildPhase section */
		E85934DD22C3630300333824 /* Frameworks */ = {
			isa = PBXFrameworksBuildPhase;
			buildActionMask = 2147483647;
			files = (
			);
			runOnlyForDeploymentPostprocessing = 0;
		};
		E85934F122C3630400333824 /* Frameworks */ = {
			isa = PBXFrameworksBuildPhase;
			buildActionMask = 2147483647;
			files = (
			);
			runOnlyForDeploymentPostprocessing = 0;
		};
/* End PBXFrameworksBuildPhase section */

/* Begin PBXGroup section */
		E85934D722C3630300333824 = {
			isa = PBXGroup;
			children = (
				E85934E222C3630300333824 /* DoomPrequel */,
				E85934F722C3630400333824 /* DoomPrequelTests */,
				E85934E122C3630300333824 /* Products */,
			);
			sourceTree = "<group>";
		};
		E85934E122C3630300333824 /* Products */ = {
			isa = PBXGroup;
			children = (
				E85934E022C3630300333824 /* DoomPrequel.app */,
				E85934F422C3630400333824 /* DoomPrequelTests.xctest */,
			);
			name = Products;
			sourceTree = "<group>";
		};
		E85934E222C3630300333824 /* DoomPrequel */ = {
			isa = PBXGroup;
			children = (
				E85934E322C3630300333824 /* AppDelegate.swift */,
				E85934E522C3630300333824 /* ViewController.swift */,
				E85934E722C3630300333824 /* Main.storyboard */,
				E85934EA22C3630400333824 /* Assets.xcassets */,
				E85934EC22C3630400333824 /* LaunchScreen.storyboard */,
				E85934EF22C3630400333824 /* Info.plist */,
			);
			path = DoomPrequel;
			sourceTree = "<group>";
		};
		E85934F722C3630400333824 /* DoomPrequelTests */ = {
			isa = PBXGroup;
			children = (
				E85934F822C3630400333824 /* DoomPrequelTests.swift */,
				E85934FA22C3630400333824 /* Info.plist */,
			);
			path = DoomPrequelTests;
			sourceTree = "<group>";
		};
/* End PBXGroup section */

/* Begin PBXNativeTarget section */
		E85934DF22C3630300333824 /* DoomPrequel */ = {
			isa = PBXNativeTarget;
			buildConfigurationList = E85934FD22C3630400333824 /* Build configuration list for PBXNativeTarget "DoomPrequel" */;
			buildPhases = (
				E85934DC22C3630300333824 /* Sources */,
				E85934DD22C3630300333824 /* Frameworks */,
				E85934DE22C3630300333824 /* Resources */,
			);
			buildRules = (
			);
			dependencies = (
			);
			name = DoomPrequel;
			productName = DoomPrequel;
			productReference = E85934E022C3630300333824 /* DoomPrequel.app */;
			productType = "com.apple.product-type.application";
		};
		E85934F322C3630400333824 /* DoomPrequelTests */ = {
			isa = PBXNativeTarget;
			buildConfigurationList = E859350022C3630400333824 /* Build configuration list for PBXNativeTarget "DoomPrequelTests" */;
			buildPhases = (
				E85934F022C3630400333824 /* Sources */,
				E85934F122C3630400333824 /* Frameworks */,
				E85934F222C3630400333824 /* Resources */,
			);
			buildRules = (
			);
			dependencies = (
				E85934F622C3630400333824 /* PBXTargetDependency */,
			);
			name = DoomPrequelTests;
			productName = DoomPrequelTests;
			productReference = E85934F422C3630400333824 /* DoomPrequelTests.xctest */;
			productType = "com.apple.product-type.bundle.unit-test";
		};
/* End PBXNativeTarget section */

/* Begin PBXProject section */
		E85934D822C3630300333824 /* Project object */ = {
			isa = PBXProject;
			attributes = {
				LastSwiftUpdateCheck = 1020;
				LastUpgradeCheck = 1020;
				ORGANIZATIONNAME = SocialTermite;
				TargetAttributes = {
					E85934DF22C3630300333824 = {
						CreatedOnToolsVersion = 10.2.1;
					};
					E85934F322C3630400333824 = {
						CreatedOnToolsVersion = 10.2.1;
						TestTargetID = E85934DF22C3630300333824;
					};
				};
			};
			buildConfigurationList = E85934DB22C3630300333824 /* Build configuration list for PBXProject "DoomPrequel" */;
			compatibilityVersion = "Xcode 9.3";
			developmentRegion = en;
			hasScannedForEncodings = 0;
			knownRegions = (
				en,
				Base,
			);
			mainGroup = E85934D722C3630300333824;
			productRefGroup = E85934E122C3630300333824 /* Products */;
			projectDirPath = "";
			projectRoot = "";
			targets = (
				E85934DF22C3630300333824 /* DoomPrequel */,
				E85934F322C3630400333824 /* DoomPrequelTests */,
			);
		};
/* End PBXProject section */

/* Begin PBXResourcesBuildPhase section */
		E85934DE22C3630300333824 /* Resources */ = {
			isa = PBXResourcesBuildPhase;
			buildActionMask = 2147483647;
			files = (
				E85934EE22C3630400333824 /* LaunchScreen.storyboard in Resources */,
				E85934EB22C3630400333824 /* Assets.xcassets in Resources */,
				E85934E922C3630300333824 /* Main.storyboard in Resources */,
			);
			runOnlyForDeploymentPostprocessing = 0;
		};
		E85934F222C3630400333824 /* Resources */ = {
			isa = PBXResourcesBuildPhase;
			buildActionMask = 2147483647;
			files = (
			);
			runOnlyForDeploymentPostprocessing = 0;
		};
/* End PBXResourcesBuildPhase section */

/* Begin PBXSourcesBuildPhase section */
		E85934DC22C3630300333824 /* Sources */ = {
			isa = PBXSourcesBuildPhase;
			buildActionMask = 2147483647;
			files = (
				E85934E622C3630300333824 /* ViewController.swift in Sources */,
				E85934E422C3630300333824 /* AppDelegate.swift in Sources */,
			);
			runOnlyForDeploymentPostprocessing = 0;
		};
		E85934F022C3630400333824 /* Sources */ = {
			isa = PBXSourcesBuildPhase;
			buildActionMask = 2147483647;
			files = (
				E85934F922C3630400333824 /* DoomPrequelTests.swift in Sources */,
			);
			runOnlyForDeploymentPostprocessing = 0;
		};
/* End PBXSourcesBuildPhase section */

/* Begin PBXTargetDependency section */
		E85934F622C3630400333824 /* PBXTargetDependency */ = {
			isa = PBXTargetDependency;
			target = E85934DF22C3630300333824 /* DoomPrequel */;
			targetProxy = E85934F522C3630400333824 /* PBXContainerItemProxy */;
		};
/* End PBXTargetDependency section */

/* Begin PBXVariantGroup section */
		E85934E722C3630300333824 /* Main.storyboard */ = {
			isa = PBXVariantGroup;
			children = (
				E85934E822C3630300333824 /* Base */,
			);
			name = Main.storyboard;
			sourceTree = "<group>";
		};
		E85934EC22C3630400333824 /* LaunchScreen.storyboard */ = {
			isa = PBXVariantGroup;
			children = (
				E85934ED22C3630400333824 /* Base */,
			);
			name = LaunchScreen.storyboard;
			sourceTree = "<group>";
		};
/* End PBXVariantGroup section */

/* Begin XCBuildConfiguration section */
		E85934FB22C3630400333824 /* Debug */ = {
			isa = XCBuildConfiguration;
			buildSettings = {
				ALWAYS_SEARCH_USER_PATHS = NO;
				CLANG_ANALYZER_NONNULL = YES;
				CLANG_ANALYZER_NUMBER_OBJECT_CONVERSION = YES_AGGRESSIVE;
				CLANG_CXX_LANGUAGE_STANDARD = "gnu++14";
				CLANG_CXX_LIBRARY = "libc++";
				CLANG_ENABLE_MODULES = YES;
				CLANG_ENABLE_OBJC_ARC = YES;
				CLANG_ENABLE_OBJC_WEAK = YES;
				CLANG_WARN_BLOCK_CAPTURE_AUTORELEASING = YES;
				CLANG_WARN_BOOL_CONVERSION = YES;
				CLANG_WARN_COMMA = YES;
				CLANG_WARN_CONSTANT_CONVERSION = YES;
				CLANG_WARN_DEPRECATED_OBJC_IMPLEMENTATIONS = YES;
				CLANG_WARN_DIRECT_OBJC_ISA_USAGE = YES_ERROR;
				CLANG_WARN_DOCUMENTATION_COMMENTS = YES;
				CLANG_WARN_EMPTY_BODY = YES;
				CLANG_WARN_ENUM_CONVERSION = YES;
				CLANG_WARN_INFINITE_RECURSION = YES;
				CLANG_WARN_INT_CONVERSION = YES;
				CLANG_WARN_NON_LITERAL_NULL_CONVERSION = YES;
				CLANG_WARN_OBJC_IMPLICIT_RETAIN_SELF = YES;
				CLANG_WARN_OBJC_LITERAL_CONVERSION = YES;
				CLANG_WARN_OBJC_ROOT_CLASS = YES_ERROR;
				CLANG_WARN_RANGE_LOOP_ANALYSIS = YES;
				CLANG_WARN_STRICT_PROTOTYPES = YES;
				CLANG_WARN_SUSPICIOUS_MOVE = YES;
				CLANG_WARN_UNGUARDED_AVAILABILITY = YES_AGGRESSIVE;
				CLANG_WARN_UNREACHABLE_CODE = YES;
				CLANG_WARN__DUPLICATE_METHOD_MATCH = YES;
				CODE_SIGN_IDENTITY = "iPhone Developer";
				COPY_PHASE_STRIP = NO;
				DEBUG_INFORMATION_FORMAT = dwarf;
				ENABLE_STRICT_OBJC_MSGSEND = YES;
				ENABLE_TESTABILITY = YES;
				GCC_C_LANGUAGE_STANDARD = gnu11;
				GCC_DYNAMIC_NO_PIC = NO;
				GCC_NO_COMMON_BLOCKS = YES;
				GCC_OPTIMIZATION_LEVEL = 0;
				GCC_PREPROCESSOR_DEFINITIONS = (
					"DEBUG=1",
					"$(inherited)",
				);
				GCC_WARN_64_TO_32_BIT_CONVERSION = YES;
				GCC_WARN_ABOUT_RETURN_TYPE = YES_ERROR;
				GCC_WARN_UNDECLARED_SELECTOR = YES;
				GCC_WARN_UNINITIALIZED_AUTOS = YES_AGGRESSIVE;
				GCC_WARN_UNUSED_FUNCTION = YES;
				GCC_WARN_UNUSED_VARIABLE = YES;
				IPHONEOS_DEPLOYMENT_TARGET = 12.2;
				MTL_ENABLE_DEBUG_INFO = INCLUDE_SOURCE;
				MTL_FAST_MATH = YES;
				ONLY_ACTIVE_ARCH = YES;
				SDKROOT = iphoneos;
				SWIFT_ACTIVE_COMPILATION_CONDITIONS = DEBUG;
				SWIFT_OPTIMIZATION_LEVEL = "-Onone";
			};
			name = Debug;
		};
		E85934FC22C3630400333824 /* Release */ = {
			isa = XCBuildConfiguration;
			buildSettings = {
				ALWAYS_SEARCH_USER_PATHS = NO;
				CLANG_ANALYZER_NONNULL = YES;
				CLANG_ANALYZER_NUMBER_OBJECT_CONVERSION = YES_AGGRESSIVE;
				CLANG_CXX_LANGUAGE_STANDARD = "gnu++14";
				CLANG_CXX_LIBRARY = "libc++";
				CLANG_ENABLE_MODULES = YES;
				CLANG_ENABLE_OBJC_ARC = YES;
				CLANG_ENABLE_OBJC_WEAK = YES;
				CLANG_WARN_BLOCK_CAPTURE_AUTORELEASING = YES;
				CLANG_WARN_BOOL_CONVERSION = YES;
				CLANG_WARN_COMMA = YES;
				CLANG_WARN_CONSTANT_CONVERSION = YES;
				CLANG_WARN_DEPRECATED_OBJC_IMPLEMENTATIONS = YES;
				CLANG_WARN_DIRECT_OBJC_ISA_USAGE = YES_ERROR;
				CLANG_WARN_DOCUMENTATION_COMMENTS = YES;
				CLANG_WARN_EMPTY_BODY = YES;
				CLANG_WARN_ENUM_CONVERSION = YES;
				CLANG_WARN_INFINITE_RECURSION = YES;
				CLANG_WARN_INT_CONVERSION = YES;
				CLANG_WARN_NON_LITERAL_NULL_CONVERSION = YES;
				CLANG_WARN_OBJC_IMPLICIT_RETAIN_SELF = YES;
				CLANG_WARN_OBJC_LITERAL_CONVERSION = YES;
				CLANG_WARN_OBJC_ROOT_CLASS = YES_ERROR;
				CLANG_WARN_RANGE_LOOP_ANALYSIS = YES;
				CLANG_WARN_STRICT_PROTOTYPES = YES;
				CLANG_WARN_SUSPICIOUS_MOVE = YES;
				CLANG_WARN_UNGUARDED_AVAILABILITY = YES_AGGRESSIVE;
				CLANG_WARN_UNREACHABLE_CODE = YES;
				CLANG_WARN__DUPLICATE_METHOD_MATCH = YES;
				CODE_SIGN_IDENTITY = "iPhone Developer";
				COPY_PHASE_STRIP = NO;
				DEBUG_INFORMATION_FORMAT = "dwarf-with-dsym";
				ENABLE_NS_ASSERTIONS = NO;
				ENABLE_STRICT_OBJC_MSGSEND = YES;
				GCC_C_LANGUAGE_STANDARD = gnu11;
				GCC_NO_COMMON_BLOCKS = YES;
				GCC_WARN_64_TO_32_BIT_CONVERSION = YES;
				GCC_WARN_ABOUT_RETURN_TYPE = YES_ERROR;
				GCC_WARN_UNDECLARED_SELECTOR = YES;
				GCC_WARN_UNINITIALIZED_AUTOS = YES_AGGRESSIVE;
				GCC_WARN_UNUSED_FUNCTION = YES;
				GCC_WARN_UNUSED_VARIABLE = YES;
				IPHONEOS_DEPLOYMENT_TARGET = 12.2;
				MTL_ENABLE_DEBUG_INFO = NO;
				MTL_FAST_MATH = YES;
				SDKROOT = iphoneos;
				SWIFT_COMPILATION_MODE = wholemodule;
				SWIFT_OPTIMIZATION_LEVEL = "-O";
				VALIDATE_PRODUCT = YES;
			};
			name = Release;
		};
		E85934FE22C3630400333824 /* Debug */ = {
			isa = XCBuildConfiguration;
			buildSettings = {
				ASSETCATALOG_COMPILER_APPICON_NAME = AppIcon;
				CODE_SIGN_STYLE = Automatic;
				DEVELOPMENT_TEAM = N323V8M9LM;
				INFOPLIST_FILE = DoomPrequel/Info.plist;
				LD_RUNPATH_SEARCH_PATHS = (
					"$(inherited)",
					"@executable_path/Frameworks",
				);
				PRODUCT_BUNDLE_IDENTIFIER = com.SocialTermite.DoomPrequel;
				PRODUCT_NAME = "$(TARGET_NAME)";
				SWIFT_VERSION = 5.0;
				TARGETED_DEVICE_FAMILY = "1,2";
			};
			name = Debug;
		};
		E85934FF22C3630400333824 /* Release */ = {
			isa = XCBuildConfiguration;
			buildSettings = {
				ASSETCATALOG_COMPILER_APPICON_NAME = AppIcon;
				CODE_SIGN_STYLE = Automatic;
				DEVELOPMENT_TEAM = N323V8M9LM;
				INFOPLIST_FILE = DoomPrequel/Info.plist;
				LD_RUNPATH_SEARCH_PATHS = (
					"$(inherited)",
					"@executable_path/Frameworks",
				);
				PRODUCT_BUNDLE_IDENTIFIER = com.SocialTermite.DoomPrequel;
				PRODUCT_NAME = "$(TARGET_NAME)";
				SWIFT_VERSION = 5.0;
				TARGETED_DEVICE_FAMILY = "1,2";
			};
			name = Release;
		};
		E859350122C3630400333824 /* Debug */ = {
			isa = XCBuildConfiguration;
			buildSettings = {
				ALWAYS_EMBED_SWIFT_STANDARD_LIBRARIES = YES;
				BUNDLE_LOADER = "$(TEST_HOST)";
				CODE_SIGN_STYLE = Automatic;
				DEVELOPMENT_TEAM = N323V8M9LM;
				INFOPLIST_FILE = DoomPrequelTests/Info.plist;
				LD_RUNPATH_SEARCH_PATHS = (
					"$(inherited)",
					"@executable_path/Frameworks",
					"@loader_path/Frameworks",
				);
				PRODUCT_BUNDLE_IDENTIFIER = com.SocialTermite.DoomPrequelTests;
				PRODUCT_NAME = "$(TARGET_NAME)";
				SWIFT_VERSION = 5.0;
				TARGETED_DEVICE_FAMILY = "1,2";
				TEST_HOST = "$(BUILT_PRODUCTS_DIR)/DoomPrequel.app/DoomPrequel";
			};
			name = Debug;
		};
		E859350222C3630400333824 /* Release */ = {
			isa = XCBuildConfiguration;
			buildSettings = {
				ALWAYS_EMBED_SWIFT_STANDARD_LIBRARIES = YES;
				BUNDLE_LOADER = "$(TEST_HOST)";
				CODE_SIGN_STYLE = Automatic;
				DEVELOPMENT_TEAM = N323V8M9LM;
				INFOPLIST_FILE = DoomPrequelTests/Info.plist;
				LD_RUNPATH_SEARCH_PATHS = (
					"$(inherited)",
					"@executable_path/Frameworks",
					"@loader_path/Frameworks",
				);
				PRODUCT_BUNDLE_IDENTIFIER = com.SocialTermite.DoomPrequelTests;
				PRODUCT_NAME = "$(TARGET_NAME)";
				SWIFT_VERSION = 5.0;
				TARGETED_DEVICE_FAMILY = "1,2";
				TEST_HOST = "$(BUILT_PRODUCTS_DIR)/DoomPrequel.app/DoomPrequel";
			};
			name = Release;
		};
/* End XCBuildConfiguration section */

/* Begin XCConfigurationList section */
		E85934DB22C3630300333824 /* Build configuration list for PBXProject "DoomPrequel" */ = {
			isa = XCConfigurationList;
			buildConfigurations = (
				E85934FB22C3630400333824 /* Debug */,
				E85934FC22C3630400333824 /* Release */,
			);
			defaultConfigurationIsVisible = 0;
			defaultConfigurationName = Release;
		};
		E85934FD22C3630400333824 /* Build configuration list for PBXNativeTarget "DoomPrequel" */ = {
			isa = XCConfigurationList;
			buildConfigurations = (
				E85934FE22C3630400333824 /* Debug */,
				E85934FF22C3630400333824 /* Release */,
			);
			defaultConfigurationIsVisible = 0;
			defaultConfigurationName = Release;
		};
		E859350022C3630400333824 /* Build configuration list for PBXNativeTarget "DoomPrequelTests" */ = {
			isa = XCConfigurationList;
			buildConfigurations = (
				E859350122C3630400333824 /* Debug */,
				E859350222C3630400333824 /* Release */,
			);
			defaultConfigurationIsVisible = 0;
			defaultConfigurationName = Release;
		};
/* End XCConfigurationList section */
	};
	rootObject = E85934D822C3630300333824 /* Project object */;
}
